{
  "name": "echosystem-genome-loom",
  "version": "0.1.0",
  "lockfileVersion": 3,
  "requires": true,
  "packages": {
    "": {
      "name": "echosystem-genome-loom",
      "version": "0.1.0",
      "dependencies": {
        "react": "^18.2.0",
        "react-dom": "^18.2.0"
      },
      "devDependencies": {
        "@types/react": "^18.2.21",
        "@types/react-dom": "^18.2.7",
        "@vitejs/plugin-react": "^4.0.0",
        "typescript": "^5.1.6",
        "vite": "^5.0.0"
      }
    },
    "node_modules/react": {
      "version": "18.2.0",
      "resolved": "https://registry.npmjs.org/react/-/react-18.2.0.tgz",
      "integrity": "sha512-/3IjMdb2cLSCXDuPt+QBE4IvEKGwOkQt2EQnuU6tt0a2j41ZywUoKQxiyc+q28gkWi6q6c0xNbYSvqk7tFispw=="
    },
    "node_modules/react-dom": {
      "version": "18.2.0",
      "resolved": "https://registry.npmjs.org/react-dom/-/react-dom-18.2.0.tgz",
      "integrity": "sha512-6IMTriUmvsjHUjNtEDudZfuVQUcSyHe3jY0qrD6DEZeIq11E3d8iYK64legxQBQy5vh97Dv04IYatPNVHuqc5g=="
    },
    "node_modules/@types/react": {
      "version": "18.2.21",
      "resolved": "https://registry.npmjs.org/@types/react/-/react-18.2.21.tgz",
      "integrity": "sha512-nSK3ywsM7NwuJZLESQpFaXtE5dBxNE1Y9/QXJqHc0WwHLlm8UNMdcPe7E8Z5H8yqd5V2yEVHVHvE9FfzA3P3Hg=="
    },
    "node_modules/@types/react-dom": {
      "version": "18.2.7",
      "resolved": "https://registry.npmjs.org/@types/react-dom/-/react-dom-18.2.7.tgz",
      "integrity": "sha512-GRaAEricdQkQoqq8mj3HFmnyQmjXV5C6zNv4IqOvrepHtTZLrO3E60v9ghS3gPfY73jNtPqiAP2rXSomqeYUhw=="
    },
    "node_modules/@vitejs/plugin-react": {
      "version": "4.0.0",
      "resolved": "https://registry.npmjs.org/@vitejs/plugin-react/-/plugin-react-4.0.0.tgz",
      "integrity": "sha512-HxSiBo6FwA4jFU2a87SSnLqDJeGmj4uAUMdTBtLdmqEO7JeHnw5zRVrYDIRQBXn6eaoVzIBs/15uNIqEHKAUjw=="
    },
    "node_modules/typescript": {
      "version": "5.1.6",
      "resolved": "https://registry.npmjs.org/typescript/-/typescript-5.1.6.tgz",
      "integrity": "sha512-zaWCozRZ6DLEWAWFrVDz1H6FVXzUSfTy5FUMWsQlU8Ym5lMAQdySZP1a9f+T2SIeD+MgvT5r2Ny0fog9Q6KLvA=="
    },
    "node_modules/vite": {
      "version": "5.0.0",
      "resolved": "https://registry.npmjs.org/vite/-/vite-5.0.0.tgz",
      "integrity": "sha512-FjKSm/s5+Cjb11B9qfR8rqPWHVLlRYP2LMtVuU1FJbPzJ5j+Y9wE2wWEYSWJoVfxQwW4N+79eRKwQN8LKz4J1w=="
    }
  }
}
